
Microsoft Visual Studio Solution File, Format Version 12.00
# Visual Studio 2013
VisualStudioVersion = 12.0.40629.0
MinimumVisualStudioVersion = 10.0.40219.1
Project("{8BC9CEB8-8B4A-11D0-8D11-00A0C91BC942}") = "NetEngine_test", "NetEngine_test\NetEngine_test.vcxproj", "{6A116EB5-F660-4E63-BFAD-122AFC8EB42B}"
EndProject
Project("{8BC9CEB8-8B4A-11D0-8D11-00A0C91BC942}") = "NetEngine", "NetEngine\NetEngine.vcxproj", "{8B9D39A6-9289-4CEE-A547-3701814ADEF6}"
EndProject
Project("{8BC9CEB8-8B4A-11D0-8D11-00A0C91BC942}") = "TCPClient", "TCPClient\TCPClient.vcxproj", "{DFABFE9F-122C-44D3-9784-759B285A1F1B}"
EndProject
Global
	GlobalSection(SolutionConfigurationPlatforms) = preSolution
		Debug|Win32 = Debug|Win32
		Release|Win32 = Release|Win32
	EndGlobalSection
	GlobalSection(ProjectConfigurationPlatforms) = postSolution
		{6A116EB5-F660-4E63-BFAD-122AFC8EB42B}.Debug|Win32.ActiveCfg = Debug|Win32
		{6A116EB5-F660-4E63-BFAD-122AFC8EB42B}.Debug|Win32.Build.0 = Debug|Win32
		{6A116EB5-F660-4E63-BFAD-122AFC8EB42B}.Release|Win32.ActiveCfg = Release|Win32
		{6A116EB5-F660-4E63-BFAD-122AFC8EB42B}.Release|Win32.Build.0 = Release|Win32
		{8B9D39A6-9289-4CEE-A547-3701814ADEF6}.Debug|Win32.ActiveCfg = Debug|Win32
		{8B9D39A6-9289-4CEE-A547-3701814ADEF6}.Debug|Win32.Build.0 = Debug|Win32
		{8B9D39A6-9289-4CEE-A547-3701814ADEF6}.Release|Win32.ActiveCfg = Release|Win32
		{8B9D39A6-9289-4CEE-A547-3701814ADEF6}.Release|Win32.Build.0 = Release|Win32
		{DFABFE9F-122C-44D3-9784-759B285A1F1B}.Debug|Win32.ActiveCfg = Debug|Win32
		{DFABFE9F-122C-44D3-9784-759B285A1F1B}.Debug|Win32.Build.0 = Debug|Win32
		{DFABFE9F-122C-44D3-9784-759B285A1F1B}.Release|Win32.ActiveCfg = Release|Win32
		{DFABFE9F-122C-44D3-9784-759B285A1F1B}.Release|Win32.Build.0 = Release|Win32
	EndGlobalSection
	GlobalSection(SolutionProperties) = preSolution
		HideSolutionNode = FALSE
	EndGlobalSection
EndGlobal
